## Authors: 
##   Christoph Doerbeck
##
## Summary:
##   Creates a lock file which affects successive reruns of the playbooks
## 

---
- hosts: myBastion
  tasks:

  - name: "BASTION-UNLOCK: remove '({{ g_credsDir }}/ocp-workshop-deployment.lock }})"
    file:
      path:  "{{ g_credsDir }}/ocp-workshop-deployment.lock"
      state: absent

